
Microsoft Visual Studio Solution File, Format Version 12.00
# Visual Studio Version 17
VisualStudioVersion = 17.9.34723.18
MinimumVisualStudioVersion = 10.0.40219.1
Project("{FAE04EC0-301F-11D3-BF4B-00C04F79EFBC}") = "Week 3 day 5 Classes continued work", "Week 3 day 5 Classes continued work\Week 3 day 5 Classes continued work.csproj", "{1F4CEC8C-A8D7-4B25-A230-86A7E9938715}"
EndProject
Global
	GlobalSection(SolutionConfigurationPlatforms) = preSolution
		Debug|Any CPU = Debug|Any CPU
		Release|Any CPU = Release|Any CPU
	EndGlobalSection
	GlobalSection(ProjectConfigurationPlatforms) = postSolution
		{1F4CEC8C-A8D7-4B25-A230-86A7E9938715}.Debug|Any CPU.ActiveCfg = Debug|Any CPU
		{1F4CEC8C-A8D7-4B25-A230-86A7E9938715}.Debug|Any CPU.Build.0 = Debug|Any CPU
		{1F4CEC8C-A8D7-4B25-A230-86A7E9938715}.Release|Any CPU.ActiveCfg = Release|Any CPU
		{1F4CEC8C-A8D7-4B25-A230-86A7E9938715}.Release|Any CPU.Build.0 = Release|Any CPU
	EndGlobalSection
	GlobalSection(SolutionProperties) = preSolution
		HideSolutionNode = FALSE
	EndGlobalSection
	GlobalSection(ExtensibilityGlobals) = postSolution
		SolutionGuid = {1E3EA152-0957-406E-91FF-2718F1BD491B}
	EndGlobalSection
EndGlobal
